
Microsoft Visual Studio Solution File, Format Version 12.00
Project("{FAE04EC0-301F-11D3-BF4B-00C04F79EFBC}") = "IcfpcMmxx.Gui", "IcfpcMmxx.Gui\IcfpcMmxx.Gui.csproj", "{381E2438-D804-4980-B2B4-8A7E1F233A61}"
EndProject
Project("{FAE04EC0-301F-11D3-BF4B-00C04F79EFBC}") = "Modulator.Core", "..\csmodulator\Modulator\Modulator.Core\Modulator.Core.csproj", "{A83CBF28-5C87-4784-8E11-E9FADF070DAD}"
EndProject
Project("{FAE04EC0-301F-11D3-BF4B-00C04F79EFBC}") = "Executor", "..\csmodulator\Modulator\Executor\Executor.csproj", "{6B17A2BC-327B-4633-9462-49350E928CF5}"
EndProject
Project("{FAE04EC0-301F-11D3-BF4B-00C04F79EFBC}") = "Executor.Tests", "..\csmodulator\Modulator\Executor.Tests\Executor.Tests.csproj", "{985DDAD0-618B-499F-A57E-B71696011E2F}"
EndProject
Global
	GlobalSection(SolutionConfigurationPlatforms) = preSolution
		Debug|Any CPU = Debug|Any CPU
		Release|Any CPU = Release|Any CPU
	EndGlobalSection
	GlobalSection(ProjectConfigurationPlatforms) = postSolution
		{381E2438-D804-4980-B2B4-8A7E1F233A61}.Debug|Any CPU.ActiveCfg = Debug|Any CPU
		{381E2438-D804-4980-B2B4-8A7E1F233A61}.Debug|Any CPU.Build.0 = Debug|Any CPU
		{381E2438-D804-4980-B2B4-8A7E1F233A61}.Release|Any CPU.ActiveCfg = Release|Any CPU
		{381E2438-D804-4980-B2B4-8A7E1F233A61}.Release|Any CPU.Build.0 = Release|Any CPU
		{A83CBF28-5C87-4784-8E11-E9FADF070DAD}.Debug|Any CPU.ActiveCfg = Debug|Any CPU
		{A83CBF28-5C87-4784-8E11-E9FADF070DAD}.Debug|Any CPU.Build.0 = Debug|Any CPU
		{A83CBF28-5C87-4784-8E11-E9FADF070DAD}.Release|Any CPU.ActiveCfg = Release|Any CPU
		{A83CBF28-5C87-4784-8E11-E9FADF070DAD}.Release|Any CPU.Build.0 = Release|Any CPU
		{6B17A2BC-327B-4633-9462-49350E928CF5}.Debug|Any CPU.ActiveCfg = Debug|Any CPU
		{6B17A2BC-327B-4633-9462-49350E928CF5}.Debug|Any CPU.Build.0 = Debug|Any CPU
		{6B17A2BC-327B-4633-9462-49350E928CF5}.Release|Any CPU.ActiveCfg = Release|Any CPU
		{6B17A2BC-327B-4633-9462-49350E928CF5}.Release|Any CPU.Build.0 = Release|Any CPU
		{985DDAD0-618B-499F-A57E-B71696011E2F}.Debug|Any CPU.ActiveCfg = Debug|Any CPU
		{985DDAD0-618B-499F-A57E-B71696011E2F}.Debug|Any CPU.Build.0 = Debug|Any CPU
		{985DDAD0-618B-499F-A57E-B71696011E2F}.Release|Any CPU.ActiveCfg = Release|Any CPU
		{985DDAD0-618B-499F-A57E-B71696011E2F}.Release|Any CPU.Build.0 = Release|Any CPU
	EndGlobalSection
EndGlobal
